{
  "version": 4,
  "terraform_version": "1.13.1",
  "serial": 67,
  "lineage": "78ccdd92-a92c-9d29-da4b-41efddddecc3",
  "outputs": {
    "app_service_account_emails": {
      "value": {
        "prod": "marketing-agent-app@marketing-agent-01-491314.iam.gserviceaccount.com",
        "staging": "marketing-agent-app@marketing-agent-01-491314.iam.gserviceaccount.com"
      },
      "type": [
        "object",
        {
          "prod": "string",
          "staging": "string"
        }
      ]
    },
    "cicd_runner_service_account_email": {
      "value": "marketing-agent-cb@marketing-agent-01-491314.iam.gserviceaccount.com",
      "type": "string"
    },
    "logs_bucket_names": {
      "value": {
        "marketing-agent-01-491314": "marketing-agent-01-491314-marketing-agent-logs"
      },
      "type": [
        "object",
        {
          "marketing-agent-01-491314": "string"
        }
      ]
    },
    "telemetry_bigquery_connection_id": {
      "value": {
        "prod": "marketing-agent-genai-telemetry",
        "staging": "marketing-agent-genai-telemetry"
      },
      "type": [
        "object",
        {
          "prod": "string",
          "staging": "string"
        }
      ]
    },
    "telemetry_dataset_id": {
      "value": {
        "prod": "marketing_agent_telemetry",
        "staging": "marketing_agent_telemetry"
      },
      "type": [
        "object",
        {
          "prod": "string",
          "staging": "string"
        }
      ]
    }
  },
  "resources": [
    {
      "mode": "data",
      "type": "github_repository",
      "name": "existing_repo",
      "provider": "provider[\"registry.terraform.io/integrations/github\"]",
      "instances": [
        {
          "index_key": 0,
          "schema_version": 0,
          "attributes": {
            "allow_auto_merge": false,
            "allow_merge_commit": true,
            "allow_rebase_merge": true,
            "allow_squash_merge": true,
            "allow_update_branch": false,
            "archived": false,
            "default_branch": "main",
            "delete_branch_on_merge": false,
            "description": "",
            "fork": false,
            "full_name": "HenrikWarf/marketing_agent_from_template",
            "git_clone_url": "git://github.com/HenrikWarf/marketing_agent_from_template.git",
            "has_discussions": false,
            "has_downloads": true,
            "has_issues": true,
            "has_projects": true,
            "has_wiki": true,
            "homepage_url": "",
            "html_url": "https://github.com/HenrikWarf/marketing_agent_from_template",
            "http_clone_url": "https://github.com/HenrikWarf/marketing_agent_from_template.git",
            "id": "marketing_agent_from_template",
            "is_template": false,
            "merge_commit_message": "PR_TITLE",
            "merge_commit_title": "MERGE_MESSAGE",
            "name": "marketing_agent_from_template",
            "node_id": "R_kgDORxRUdA",
            "pages": [],
            "primary_language": "Jupyter Notebook",
            "private": false,
            "repo_id": 1192514676,
            "repository_license": [],
            "squash_merge_commit_message": "COMMIT_MESSAGES",
            "squash_merge_commit_title": "COMMIT_OR_PR_TITLE",
            "ssh_clone_url": "git@github.com:HenrikWarf/marketing_agent_from_template.git",
            "svn_url": "https://github.com/HenrikWarf/marketing_agent_from_template",
            "template": [],
            "topics": [],
            "visibility": "public"
          },
          "sensitive_attributes": [],
          "identity_schema_version": 0
        }
      ]
    },
    {
      "mode": "data",
      "type": "google_project",
      "name": "cicd_project",
      "provider": "provider[\"registry.terraform.io/hashicorp/google\"]",
      "instances": [
        {
          "schema_version": 0,
          "attributes": {
            "auto_create_network": null,
            "billing_account": "0183FD-F001EF-DAF8A0",
            "deletion_policy": "PREVENT",
            "effective_labels": {},
            "folder_id": "471806363405",
            "id": "projects/marketing-agent-01-491314",
            "labels": {},
            "name": "marketing-agent-01",
            "number": "318550613704",
            "org_id": "",
            "project_id": "marketing-agent-01-491314",
            "tags": null,
            "terraform_labels": {}
          },
          "sensitive_attributes": [],
          "identity_schema_version": 0
        }
      ]
    },
    {
      "mode": "data",
      "type": "google_project",
      "name": "projects",
      "provider": "provider[\"registry.terraform.io/hashicorp/google\"]",
      "instances": [
        {
          "index_key": "prod",
          "schema_version": 0,
          "attributes": {
            "auto_create_network": null,
            "billing_account": "0183FD-F001EF-DAF8A0",
            "deletion_policy": "PREVENT",
            "effective_labels": {},
            "folder_id": "471806363405",
            "id": "projects/marketing-agent-01-491314",
            "labels": {},
            "name": "marketing-agent-01",
            "number": "318550613704",
            "org_id": "",
            "project_id": "marketing-agent-01-491314",
            "tags": null,
            "terraform_labels": {}
          },
          "sensitive_attributes": [],
          "identity_schema_version": 0
        },
        {
          "index_key": "staging",
          "schema_version": 0,
          "attributes": {
            "auto_create_network": null,
            "billing_account": "0183FD-F001EF-DAF8A0",
            "deletion_policy": "PREVENT",
            "effective_labels": {},
            "folder_id": "471806363405",
            "id": "projects/marketing-agent-01-491314",
            "labels": {},
            "name": "marketing-agent-01",
            "number": "318550613704",
            "org_id": "",
            "project_id": "marketing-agent-01-491314",
            "tags": null,
            "terraform_labels": {}
          },
          "sensitive_attributes": [],
          "identity_schema_version": 0
        }
      ]
    },
    {
      "mode": "data",
      "type": "google_storage_bucket_object_content",
      "name": "dummy_source_b64",
      "provider": "provider[\"registry.terraform.io/hashicorp/google\"]",
      "instances": [
        {
          "schema_version": 0,
          "attributes": {
            "bucket": "agent-starter-pack",
            "cache_control": null,
            "content": "H4sIACycsWkAA+1ZXW7bOBB2+6hDFIRf2gI1Q1KiGBdwATctkAB9yHaDAkW7MLgSYxPVXykqdW6xN9hj7XV2JDt147iNvbC0gMMPhm1JpDgazfcNhzyX81MlY2WOosoYldlYm96eQQgRnKOeaIDqY8DNLyGMCUQ55YFPOYf/hIYBC3tovm9DNqEqrTRgikq0LFUUzfTmdt9mSiW/uM/th0JtmNoGKEeVjkeUkiEXoecTlFqdqhEVwmeB8OkQk6EIWXgsfI8L9O7s9fj9yenZh7d4Lq01OMpTLIsiUbgw+ZXKZBap0fi3s3HGX0cfTqeKsqkXDNHv0Ondx191evS49/dfny/mT/6Zef+3Wx4M8FH7Y9zwP6ChgEC7w//64Db/IfKCHuLtm/bg+Y+Pzr9nAGBkK2PspP9+AO+f05A4/e8C9+k/CzANj1nIaDB0+n94wDXrW84BO+l/w3+fceb0vwss3v8qB0wmOtN2MsHF9d7GAH+EQbDL/F/4AXf63wW2mP9TeHuM0GPq9P/wsOB/G6xf4Yb/28//uc/9HiIt2HIHD5z/6/ovpyqzE5VNdaYmcGkfEbGT/tf5n4HkCKf/XWC7+T8U5EwETv8PDwv+t8H6Fe7Tf8HDtfk/NBNO/7tAv99/U6XpNRrXIYDeNiGAIATQZW5QPSvQMkEXyhgJJ1IUqyLJr1Noiz3vYqZLVCQyUrM8geyB4NCo5kSM/rxGJ2dHJ29QoQtwbqZKJC+tWt00MkpanWfYAyM879LkKZrm+RRUQcZfcBOTJdJpkRu7MG/R5koZq+ZS4x+jtsRWpTCyhX/Q+3u3+Mu4KDyvaYpGi9s88xAgzWOVjPpTlYJBA4b54DKR5az/ormaSRDBfly7ZtJ0Xp7XWWlNFdV2j/of8wpJA+665YSmOUbvVVnkWYy+aTt7iZ42voLPhrZLp4LPrrRc+Rqj80RBTC4vIztT4F1w3KJT3bZxMH4Ktj1fPuPSHfWjNo/+rDk7ar6fb5DVO/m/KCaV1Um5xxi7f/3vLv+5y/+dYC3/s+GG/C8I9xkRLv0fIJb5/4b1rawE7r7+x936X0dYf/+rTICN+lppo+pcD9l1bv/zGLvXf4zX+39O/9vHNvWfIAERAXH7/weIdf7vj/Ur3Lv+FwZr/CchDVz91wUWBdcgSvIqHkhdV1B17fGpKRgGy9rqBVRUf7waUUx9gokj5wHh5/l/f3sCO+X/ev2fUbf/1xG22/8DVR76zOX/w8M6/9vc/99+/0+4/T8HBweHlvEvHKww/QAyAAA=\n",
            "content_base64": "SDRzSUFDeWNzV2tBQSsxWlhXN2JPQkIyKzZoREZJUmYyZ0kxUTFLaUdCZHdBVGN0a0FCOXlIYURBa1c3TUxnU1l4UFZYeWtxZFc2eE45aGo3WFYySkR0MTQ3aU52YkMwZ01NUGhtMUpwRGdhemZjTmh6eVg4MU1sWTJXT29zb1lsZGxZbTk2ZVFRZ1JuS09lYUlEcVk4RE5MeUdNQ1VRNTVZRlBPWWYvaElZQkMzdG92bTlETnFFcXJUUmdpa3EwTEZVVXpmVG1kdDltU2lXL3VNL3RoMEp0bU5vR0tFZVZqa2VVa2lFWG9lY1RsRnFkcWhFVndtZUI4T2tRazZFSVdYZ3NmSThMOU83czlmajl5ZW5aaDdkNExxMDFPTXBUTElzaVViZ3crWlhLWkJhcDBmaTNzM0hHWDBjZlRxZUtzcWtYRE5IdjBPbmR4MTkxZXZTNDkvZGZueS9tVC82WmVmKzNXeDRNOEZIN1k5endQNkNoZ0VDN3cvLzY0RGIvSWZLQ0h1THRtL2JnK1krUHpyOW5BR0JrSzJQc3BQOStBTytmMDVBNC9lOEM5K2svQ3pBTmoxbklhREIwK245NHdEWHJXODRCTytsL3czK2ZjZWIwdndzczN2OHFCMHdtT3ROMk1zSEY5ZDdHQUgrRVFiREwvRi80QVhmNjN3VzJtUDlUZUh1TTBHUHE5UC93c09CL0c2eGY0WWIvMjgvL3VjLzlIaUl0MkhJSEQ1ei82L292cHlxekU1Vk5kYVltY0drZkViR1QvdGY1bjRIa0NLZi9YV0M3K1Q4VTVFd0VUdjhQRHd2K3Q4SDZGZTdUZjhIRHRmay9OQk5PLzd0QXY5OS9VNlhwTlJyWElZRGVOaUdBSUFUUVpXNVFQU3ZRTWtFWHloZ0pKMUlVcXlMSnIxTm9pejN2WXFaTFZDUXlVck04Z2V5QjROQ281a1NNL3J4R0oyZEhKMjlRb1F0d2JxWktKQyt0V3QwME1rcGFuV2ZZQXlNODc5TGtLWnJtK1JSVVFjWmZjQk9USmRKcGtSdTdNRy9SNWtvWnErWlM0eCtqdHNSV3BUQ3loWC9RKzN1MytNdTRLRHl2YVlwR2k5czg4eEFneldPVmpQcFRsWUpCQTRiNTRES1I1YXovb3JtYVNSREJmbHk3WnRKMFhwN1hXV2xORmRWMmovb2Y4d3BKQSs2NjVZU21PVWJ2VlZua1dZeSthVHQ3aVo0MnZvTFBoclpMcDRMUHJyUmMrUnFqODBSQlRDNHZJenRUNEYxdzNLSlQzYlp4TUg0S3RqMWZQdVBTSGZXak5vLytyRGs3YXI2ZmI1RFZPL20vS0NhVjFVbTV4eGk3Zi8zdkx2KzV5LytkWUMzL3MrR0cvQzhJOXhrUkx2MGZJSmI1LzRiMXJhd0U3cjcreDkzNlgwZFlmLytyVElDTitscHBvK3BjRDlsMWJ2L3pHTHZYZjR6WCszOU8vOXZITnZXZklBRVJBWEg3L3dlSWRmN3ZqL1VyM0x2K0Z3WnIvQ2NoRFZ6OTF3VVdCZGNnU3ZJcUhraGRWMUIxN2ZHcEtSZ0d5OXJxQlZSVWY3d2FVVXg5Z29rajV3SGg1L2wvZjNzQ08rWC9ldjJmVWJmLzF4RzIyLzhEVlI3NnpPWC93OE02Lzl2Yy85OSsvMCs0L1Q4SEJ3ZUhsdkV2SEt3dy9RQXlBQUE9Cg==",
            "content_base64sha512": "eTktZNd+10+JR0H7G6acG8cO46GF6NFq97ONcb49heBQnQeVBKaNZX7ZQXDb1ejwIMJziDVqI1oWr1FxX/OY3g==",
            "content_disposition": null,
            "content_encoding": null,
            "content_hexsha512": "79392d64d77ed74f894741fb1ba69c1bc70ee3a185e8d16af7b38d71be3d85e0509d079504a68d657ed94170dbd5e8f020c27388356a235a16af51715ff398de",
            "content_language": null,
            "content_type": null,
            "contexts": null,
            "crc32c": null,
            "customer_encryption": null,
            "deletion_policy": null,
            "detect_md5hash": null,
            "event_based_hold": null,
            "force_empty_content_type": null,
            "generation": null,
            "id": "agent-starter-pack-dummy/source-b64.txt",
            "kms_key_name": null,
            "md5hash": null,
            "md5hexhash": null,
            "media_link": null,
            "metadata": null,
            "name": "dummy/source-b64.txt",
            "output_name": null,
            "retention": null,
            "self_link": null,
            "source": null,
            "source_md5hash": null,
            "storage_class": null,
            "temporary_hold": null
          },
          "sensitive_attributes": [],
          "identity_schema_version": 0
        }
      ]
    },
    {
      "mode": "managed",
      "type": "github_actions_secret",
      "name": "gcp_service_account",
      "provider": "provider[\"registry.terraform.io/integrations/github\"]",
      "instances": [
        {
          "schema_version": 0,
          "attributes": {
            "created_at": "2026-03-26 13:14:38 +0000 UTC",
            "encrypted_value": "",
            "id": "marketing_agent_from_template:GCP_SERVICE_ACCOUNT",
            "plaintext_value": "marketing-agent-cb@marketing-agent-01-491314.iam.gserviceaccount.com",
            "repository": "marketing_agent_from_template",
            "secret_name": "GCP_SERVICE_ACCOUNT",
            "updated_at": "2026-03-26 13:14:38 +0000 UTC"
          },
          "sensitive_attributes": [
            [
              {
                "type": "get_attr",
                "value": "encrypted_value"
              }
            ],
            [
              {
                "type": "get_attr",
                "value": "plaintext_value"
              }
            ]
          ],
          "identity_schema_version": 0,
          "private": "bnVsbA==",
          "dependencies": [
            "data.github_repository.existing_repo",
            "github_repository.repo",
            "google_project_service.cicd_services",
            "google_project_service.deploy_project_services",
            "google_service_account.cicd_runner_sa"
          ]
        }
      ]
    },
    {
      "mode": "managed",
      "type": "github_actions_secret",
      "name": "wif_pool_id",
      "provider": "provider[\"registry.terraform.io/integrations/github\"]",
      "instances": [
        {
          "schema_version": 0,
          "attributes": {
            "created_at": "2026-03-26 13:14:36 +0000 UTC",
            "encrypted_value": "",
            "id": "marketing_agent_from_template:WIF_POOL_ID",
            "plaintext_value": "marketing-agent-pool",
            "repository": "marketing_agent_from_template",
            "secret_name": "WIF_POOL_ID",
            "updated_at": "2026-03-26 13:14:36 +0000 UTC"
          },
          "sensitive_attributes": [
            [
              {
                "type": "get_attr",
                "value": "encrypted_value"
              }
            ],
            [
              {
                "type": "get_attr",
                "value": "plaintext_value"
              }
            ]
          ],
          "identity_schema_version": 0,
          "private": "bnVsbA==",
          "dependencies": [
            "data.github_repository.existing_repo",
            "github_repository.repo",
            "google_iam_workload_identity_pool.github_pool",
            "google_project_service.cicd_services",
            "google_project_service.deploy_project_services"
          ]
        }
      ]
    },
    {
      "mode": "managed",
      "type": "github_actions_secret",
      "name": "wif_provider_id",
      "provider": "provider[\"registry.terraform.io/integrations/github\"]",
      "instances": [
        {
          "schema_version": 0,
          "attributes": {
            "created_at": "2026-03-26 13:14:59 +0000 UTC",
            "encrypted_value": "",
            "id": "marketing_agent_from_template:WIF_PROVIDER_ID",
            "plaintext_value": "marketing-agent-oidc",
            "repository": "marketing_agent_from_template",
            "secret_name": "WIF_PROVIDER_ID",
            "updated_at": "2026-03-26 13:14:59 +0000 UTC"
          },
          "sensitive_attributes": [
            [
              {
                "type": "get_attr",
                "value": "encrypted_value"
              }
            ],
            [
              {
                "type": "get_attr",
                "value": "plaintext_value"
              }
            ]
          ],
          "identity_schema_version": 0,
          "private": "bnVsbA==",
          "dependencies": [
            "data.github_repository.existing_repo",
            "github_repository.repo",
            "google_iam_workload_identity_pool.github_pool",
            "google_iam_workload_identity_pool_provider.github_provider",
            "google_project_service.cicd_services",
            "google_project_service.deploy_project_services"
          ]
        }
      ]
    },
    {
      "mode": "managed",
      "type": "github_actions_variable",
      "name": "app_sa_email_staging",
      "provider": "provider[\"registry.terraform.io/integrations/github\"]",
      "instances": [
        {
          "schema_version": 0,
          "attributes": {
            "created_at": "2026-03-26 13:14:55 +0000 UTC",
            "id": "marketing_agent_from_template:APP_SA_EMAIL_STAGING",
            "repository": "marketing_agent_from_template",
            "updated_at": "2026-03-26 13:14:55 +0000 UTC",
            "value": "marketing-agent-app@marketing-agent-01-491314.iam.gserviceaccount.com",
            "variable_name": "APP_SA_EMAIL_STAGING"
          },
          "sensitive_attributes": [],
          "identity_schema_version": 0,
          "private": "bnVsbA==",
          "dependencies": [
            "github_repository.repo",
            "google_project_service.cicd_services",
            "google_project_service.deploy_project_services",
            "google_service_account.app_sa"
          ]
        }
      ]
    },
    {
      "mode": "managed",
      "type": "github_actions_variable",
      "name": "app_service_account_staging",
      "provider": "provider[\"registry.terraform.io/integrations/github\"]",
      "instances": [
        {
          "schema_version": 0,
          "attributes": {
            "created_at": "2026-03-26 13:14:57 +0000 UTC",
            "id": "marketing_agent_from_template:APP_SERVICE_ACCOUNT_STAGING",
            "repository": "marketing_agent_from_template",
            "updated_at": "2026-03-26 13:14:57 +0000 UTC",
            "value": "marketing-agent-app@marketing-agent-01-491314.iam.gserviceaccount.com",
            "variable_name": "APP_SERVICE_ACCOUNT_STAGING"
          },
          "sensitive_attributes": [],
          "identity_schema_version": 0,
          "private": "bnVsbA==",
          "dependencies": [
            "github_repository.repo",
            "google_project_service.cicd_services",
            "google_project_service.deploy_project_services",
            "google_service_account.app_sa"
          ]
        }
      ]
    },
    {
      "mode": "managed",
      "type": "github_actions_variable",
      "name": "cicd_project_id",
      "provider": "provider[\"registry.terraform.io/integrations/github\"]",
      "instances": [
        {
          "schema_version": 0,
          "attributes": {
            "created_at": "2026-03-26 13:13:52 +0000 UTC",
            "id": "marketing_agent_from_template:CICD_PROJECT_ID",
            "repository": "marketing_agent_from_template",
            "updated_at": "2026-03-26 13:13:52 +0000 UTC",
            "value": "marketing-agent-01-491314",
            "variable_name": "CICD_PROJECT_ID"
          },
          "sensitive_attributes": [],
          "identity_schema_version": 0,
          "private": "bnVsbA==",
          "dependencies": [
            "github_repository.repo"
          ]
        }
      ]
    },
    {
      "mode": "managed",
      "type": "github_actions_variable",
      "name": "gcp_project_number",
      "provider": "provider[\"registry.terraform.io/integrations/github\"]",
      "instances": [
        {
          "schema_version": 0,
          "attributes": {
            "created_at": "2026-03-26 13:13:56 +0000 UTC",
            "id": "marketing_agent_from_template:GCP_PROJECT_NUMBER",
            "repository": "marketing_agent_from_template",
            "updated_at": "2026-03-26 13:13:56 +0000 UTC",
            "value": "318550613704",
            "variable_name": "GCP_PROJECT_NUMBER"
          },
          "sensitive_attributes": [],
          "identity_schema_version": 0,
          "private": "bnVsbA==",
          "dependencies": [
            "data.google_project.cicd_project",
            "github_repository.repo"
          ]
        }
      ]
    },
    {
      "mode": "managed",
      "type": "github_actions_variable",
      "name": "logs_bucket_name_prod",
      "provider": "provider[\"registry.terraform.io/integrations/github\"]",
      "instances": [
        {
          "schema_version": 0,
          "attributes": {
            "created_at": "2026-03-26 13:14:26 +0000 UTC",
            "id": "marketing_agent_from_template:LOGS_BUCKET_NAME_PROD",
            "repository": "marketing_agent_from_template",
            "updated_at": "2026-03-26 13:14:26 +0000 UTC",
            "value": "marketing-agent-01-491314-marketing-agent-logs",
            "variable_name": "LOGS_BUCKET_NAME_PROD"
          },
          "sensitive_attributes": [],
          "identity_schema_version": 0,
          "private": "bnVsbA==",
          "dependencies": [
            "github_repository.repo",
            "google_project_service.cicd_services",
            "google_project_service.deploy_project_services",
            "google_storage_bucket.logs_data_bucket"
          ]
        }
      ]
    },
    {
      "mode": "managed",
      "type": "github_actions_variable",
      "name": "logs_bucket_name_staging",
      "provider": "provider[\"registry.terraform.io/integrations/github\"]",
      "instances": [
        {
          "schema_version": 0,
          "attributes": {
            "created_at": "2026-03-26 13:14:25 +0000 UTC",
            "id": "marketing_agent_from_template:LOGS_BUCKET_NAME_STAGING",
            "repository": "marketing_agent_from_template",
            "updated_at": "2026-03-26 13:14:25 +0000 UTC",
            "value": "marketing-agent-01-491314-marketing-agent-logs",
            "variable_name": "LOGS_BUCKET_NAME_STAGING"
          },
          "sensitive_attributes": [],
          "identity_schema_version": 0,
          "private": "bnVsbA==",
          "dependencies": [
            "github_repository.repo",
            "google_project_service.cicd_services",
            "google_project_service.deploy_project_services",
            "google_storage_bucket.logs_data_bucket"
          ]
        }
      ]
    },
    {
      "mode": "managed",
      "type": "github_actions_variable",
      "name": "prod_project_id",
      "provider": "provider[\"registry.terraform.io/integrations/github\"]",
      "instances": [
        {
          "schema_version": 0,
          "attributes": {
            "created_at": "2026-03-26 13:13:53 +0000 UTC",
            "id": "marketing_agent_from_template:PROD_PROJECT_ID",
            "repository": "marketing_agent_from_template",
            "updated_at": "2026-03-26 13:13:53 +0000 UTC",
            "value": "marketing-agent-01-491314",
            "variable_name": "PROD_PROJECT_ID"
          },
          "sensitive_attributes": [],
          "identity_schema_version": 0,
          "private": "bnVsbA==",
          "dependencies": [
            "github_repository.repo"
          ]
        }
      ]
    },
    {
      "mode": "managed",
      "type": "github_actions_variable",
      "name": "region",
      "provider": "provider[\"registry.terraform.io/integrations/github\"]",
      "instances": [
        {
          "schema_version": 0,
          "attributes": {
            "created_at": "2026-03-26 13:13:49 +0000 UTC",
            "id": "marketing_agent_from_template:REGION",
            "repository": "marketing_agent_from_template",
            "updated_at": "2026-03-26 13:13:49 +0000 UTC",
            "value": "us-central1",
            "variable_name": "REGION"
          },
          "sensitive_attributes": [],
          "identity_schema_version": 0,
          "private": "bnVsbA==",
          "dependencies": [
            "github_repository.repo"
          ]
        }
      ]
    },
    {
      "mode": "managed",
      "type": "github_actions_variable",
      "name": "staging_project_id",
      "provider": "provider[\"registry.terraform.io/integrations/github\"]",
      "instances": [
        {
          "schema_version": 0,
          "attributes": {
            "created_at": "2026-03-26 13:13:51 +0000 UTC",
            "id": "marketing_agent_from_template:STAGING_PROJECT_ID",
            "repository": "marketing_agent_from_template",
            "updated_at": "2026-03-26 13:13:51 +0000 UTC",
            "value": "marketing-agent-01-491314",
            "variable_name": "STAGING_PROJECT_ID"
          },
          "sensitive_attributes": [],
          "identity_schema_version": 0,
          "private": "bnVsbA==",
          "dependencies": [
            "github_repository.repo"
          ]
        }
      ]
    },
    {
      "mode": "managed",
      "type": "github_repository",
      "name": "repo",
      "provider": "provider[\"registry.terraform.io/integrations/github\"]",
      "instances": []
    },
    {
      "mode": "managed",
      "type": "github_repository_environment",
      "name": "production_environment",
      "provider": "provider[\"registry.terraform.io/integrations/github\"]",
      "instances": [
        {
          "schema_version": 0,
          "attributes": {
            "can_admins_bypass": true,
            "deployment_branch_policy": [
              {
                "custom_branch_policies": true,
                "protected_branches": false
              }
            ],
            "environment": "production",
            "id": "marketing_agent_from_template:production",
            "prevent_self_review": false,
            "repository": "marketing_agent_from_template",
            "reviewers": [],
            "wait_timer": 0
          },
          "sensitive_attributes": [],
          "identity_schema_version": 0,
          "private": "bnVsbA==",
          "dependencies": [
            "data.github_repository.existing_repo",
            "github_repository.repo"
          ]
        }
      ]
    },
    {
      "mode": "managed",
      "type": "google_bigquery_connection",
      "name": "genai_telemetry_connection",
      "provider": "provider[\"registry.terraform.io/hashicorp/google\"]",
      "instances": [
        {
          "index_key": "prod",
          "schema_version": 0,
          "attributes": {
            "aws": [],
            "azure": [],
            "cloud_resource": [
              {
                "service_account_id": "bqcx-318550613704-75m6@gcp-sa-bigquery-condel.iam.gserviceaccount.com"
              }
            ],
            "cloud_spanner": [],
            "cloud_sql": [],
            "connection_id": "marketing-agent-genai-telemetry",
            "description": "",
            "friendly_name": "marketing-agent GenAI Telemetry Connection",
            "has_credential": false,
            "id": "projects/marketing-agent-01-491314/locations/us-central1/connections/marketing-agent-genai-telemetry",
            "kms_key_name": "",
            "location": "us-central1",
            "name": "projects/318550613704/locations/us-central1/connections/marketing-agent-genai-telemetry",
            "project": "marketing-agent-01-491314",
            "spark": [],
            "timeouts": null
          },
          "sensitive_attributes": [],
          "identity_schema_version": 0,
          "private": "eyJlMmJmYjczMC1lY2FhLTExZTYtOGY4OC0zNDM2M2JjN2M0YzAiOnsiY3JlYXRlIjoxMjAwMDAwMDAwMDAwLCJkZWxldGUiOjEyMDAwMDAwMDAwMDAsInVwZGF0ZSI6MTIwMDAwMDAwMDAwMH19",
          "dependencies": [
            "google_project_service.cicd_services",
            "google_project_service.deploy_project_services"
          ]
        }
      ]
    },
    {
      "mode": "managed",
      "type": "google_bigquery_dataset",
      "name": "telemetry_dataset",
      "provider": "provider[\"registry.terraform.io/hashicorp/google\"]",
      "instances": [
        {
          "index_key": "staging",
          "schema_version": 0,
          "attributes": {
            "access": [
              {
                "condition": [],
                "dataset": [],
                "domain": "",
                "group_by_email": "",
                "iam_member": "",
                "role": "OWNER",
                "routine": [],
                "special_group": "",
                "user_by_email": "admin@henrikw.altostrat.com",
                "view": []
              },
              {
                "condition": [],
                "dataset": [],
                "domain": "",
                "group_by_email": "",
                "iam_member": "",
                "role": "OWNER",
                "routine": [],
                "special_group": "projectOwners",
                "user_by_email": "",
                "view": []
              },
              {
                "condition": [],
                "dataset": [],
                "domain": "",
                "group_by_email": "",
                "iam_member": "",
                "role": "READER",
                "routine": [],
                "special_group": "projectReaders",
                "user_by_email": "",
                "view": []
              },
              {
                "condition": [],
                "dataset": [],
                "domain": "",
                "group_by_email": "",
                "iam_member": "",
                "role": "WRITER",
                "routine": [],
                "special_group": "projectWriters",
                "user_by_email": "",
                "view": []
              }
            ],
            "creation_time": 1774530864443,
            "dataset_id": "marketing_agent_telemetry",
            "default_collation": "",
            "default_encryption_configuration": [],
            "default_partition_expiration_ms": 0,
            "default_table_expiration_ms": 0,
            "delete_contents_on_destroy": false,
            "description": "Dataset for GenAI telemetry data stored in GCS",
            "effective_labels": {
              "goog-terraform-provisioned": "true"
            },
            "etag": "tRP5XnKyM5i8fxNkoYYZcQ==",
            "external_catalog_dataset_options": [],
            "external_dataset_reference": [],
            "friendly_name": "marketing-agent Telemetry",
            "id": "projects/marketing-agent-01-491314/datasets/marketing_agent_telemetry",
            "is_case_insensitive": false,
            "labels": null,
            "last_modified_time": 1774530864443,
            "location": "us-central1",
            "max_time_travel_hours": "168",
            "project": "marketing-agent-01-491314",
            "resource_tags": null,
            "self_link": "https://bigquery.googleapis.com/bigquery/v2/projects/marketing-agent-01-491314/datasets/marketing_agent_telemetry",
            "storage_billing_model": "",
            "terraform_labels": {
              "goog-terraform-provisioned": "true"
            },
            "timeouts": null
          },
          "sensitive_attributes": [],
          "identity_schema_version": 0,
          "private": "eyJlMmJmYjczMC1lY2FhLTExZTYtOGY4OC0zNDM2M2JjN2M0YzAiOnsiY3JlYXRlIjoxMjAwMDAwMDAwMDAwLCJkZWxldGUiOjEyMDAwMDAwMDAwMDAsInVwZGF0ZSI6MTIwMDAwMDAwMDAwMH19",
          "dependencies": [
            "google_project_service.cicd_services",
            "google_project_service.deploy_project_services"
          ]
        }
      ]
    },
    {
      "mode": "managed",
      "type": "google_iam_workload_identity_pool",
      "name": "github_pool",
      "provider": "provider[\"registry.terraform.io/hashicorp/google\"]",
      "instances": [
        {
          "schema_version": 0,
          "attributes": {
            "description": "",
            "disabled": false,
            "display_name": "GitHub Actions Pool",
            "id": "projects/marketing-agent-01-491314/locations/global/workloadIdentityPools/marketing-agent-pool",
            "name": "projects/318550613704/locations/global/workloadIdentityPools/marketing-agent-pool",
            "project": "marketing-agent-01-491314",
            "state": "ACTIVE",
            "timeouts": null,
            "workload_identity_pool_id": "marketing-agent-pool"
          },
          "sensitive_attributes": [],
          "identity_schema_version": 0,
          "private": "eyJlMmJmYjczMC1lY2FhLTExZTYtOGY4OC0zNDM2M2JjN2M0YzAiOnsiY3JlYXRlIjoxMjAwMDAwMDAwMDAwLCJkZWxldGUiOjEyMDAwMDAwMDAwMDAsInVwZGF0ZSI6MTIwMDAwMDAwMDAwMH19",
          "dependencies": [
            "google_project_service.cicd_services",
            "google_project_service.deploy_project_services"
          ]
        }
      ]
    },
    {
      "mode": "managed",
      "type": "google_iam_workload_identity_pool_provider",
      "name": "github_provider",
      "provider": "provider[\"registry.terraform.io/hashicorp/google\"]",
      "instances": [
        {
          "schema_version": 0,
          "attributes": {
            "attribute_condition": "attribute.repository == 'HenrikWarf/marketing_agent_from_template'",
            "attribute_mapping": {
              "attribute.repository": "assertion.repository",
              "attribute.repository_owner": "assertion.repository_owner",
              "google.subject": "assertion.sub"
            },
            "aws": [],
            "description": "",
            "disabled": false,
            "display_name": "GitHub OIDC Provider",
            "id": "projects/marketing-agent-01-491314/locations/global/workloadIdentityPools/marketing-agent-pool/providers/marketing-agent-oidc",
            "name": "projects/318550613704/locations/global/workloadIdentityPools/marketing-agent-pool/providers/marketing-agent-oidc",
            "oidc": [
              {
                "allowed_audiences": null,
                "issuer_uri": "https://token.actions.githubusercontent.com",
                "jwks_json": ""
              }
            ],
            "project": "marketing-agent-01-491314",
            "saml": [],
            "state": "ACTIVE",
            "timeouts": null,
            "workload_identity_pool_id": "marketing-agent-pool",
            "workload_identity_pool_provider_id": "marketing-agent-oidc",
            "x509": []
          },
          "sensitive_attributes": [],
          "identity_schema_version": 0,
          "private": "eyJlMmJmYjczMC1lY2FhLTExZTYtOGY4OC0zNDM2M2JjN2M0YzAiOnsiY3JlYXRlIjoxMjAwMDAwMDAwMDAwLCJkZWxldGUiOjEyMDAwMDAwMDAwMDAsInVwZGF0ZSI6MTIwMDAwMDAwMDAwMH19",
          "dependencies": [
            "google_iam_workload_identity_pool.github_pool",
            "google_project_service.cicd_services",
            "google_project_service.deploy_project_services"
          ]
        }
      ]
    },
    {
      "mode": "managed",
      "type": "google_logging_project_bucket_config",
      "name": "genai_telemetry_bucket",
      "provider": "provider[\"registry.terraform.io/hashicorp/google\"]",
      "instances": [
        {
          "index_key": "prod",
          "schema_version": 0,
          "attributes": {
            "bucket_id": "marketing-agent-genai-telemetry",
            "cmek_settings": [],
            "description": "Dedicated Cloud Logging bucket for marketing-agent GenAI telemetry with 10 year retention",
            "enable_analytics": true,
            "id": "projects/marketing-agent-01-491314/locations/us-central1/buckets/marketing-agent-genai-telemetry",
            "index_configs": [],
            "lifecycle_state": "ACTIVE",
            "location": "us-central1",
            "locked": false,
            "name": "projects/marketing-agent-01-491314/locations/us-central1/buckets/marketing-agent-genai-telemetry",
            "project": "marketing-agent-01-491314",
            "retention_days": 3650
          },
          "sensitive_attributes": [],
          "identity_schema_version": 0,
          "private": "bnVsbA==",
          "dependencies": [
            "google_project_service.cicd_services",
            "google_project_service.deploy_project_services",
            "time_sleep.wait_for_logging_api"
          ]
        }
      ]
    },
    {
      "mode": "managed",
      "type": "google_project_iam_member",
      "name": "cicd_project_roles",
      "provider": "provider[\"registry.terraform.io/hashicorp/google\"]",
      "instances": [
        {
          "index_key": "roles/aiplatform.user",
          "schema_version": 0,
          "attributes": {
            "condition": [],
            "etag": "BwZN7SravNM=",
            "id": "marketing-agent-01-491314/roles/aiplatform.user/serviceAccount:marketing-agent-cb@marketing-agent-01-491314.iam.gserviceaccount.com",
            "member": "serviceAccount:marketing-agent-cb@marketing-agent-01-491314.iam.gserviceaccount.com",
            "project": "marketing-agent-01-491314",
            "role": "roles/aiplatform.user"
          },
          "sensitive_attributes": [],
          "identity_schema_version": 0,
          "private": "bnVsbA==",
          "dependencies": [
            "google_project_service.cicd_services",
            "google_project_service.deploy_project_services",
            "google_service_account.cicd_runner_sa"
          ]
        },
        {
          "index_key": "roles/artifactregistry.writer",
          "schema_version": 0,
          "attributes": {
            "condition": [],
            "etag": "BwZN7SravNM=",
            "id": "marketing-agent-01-491314/roles/artifactregistry.writer/serviceAccount:marketing-agent-cb@marketing-agent-01-491314.iam.gserviceaccount.com",
            "member": "serviceAccount:marketing-agent-cb@marketing-agent-01-491314.iam.gserviceaccount.com",
            "project": "marketing-agent-01-491314",
            "role": "roles/artifactregistry.writer"
          },
          "sensitive_attributes": [],
          "identity_schema_version": 0,
          "private": "bnVsbA==",
          "dependencies": [
            "google_project_service.cicd_services",
            "google_project_service.deploy_project_services",
            "google_service_account.cicd_runner_sa"
          ]
        },
        {
          "index_key": "roles/cloudbuild.builds.builder",
          "schema_version": 0,
          "attributes": {
            "condition": [],
            "etag": "BwZN7Stju4w=",
            "id": "marketing-agent-01-491314/roles/cloudbuild.builds.builder/serviceAccount:marketing-agent-cb@marketing-agent-01-491314.iam.gserviceaccount.com",
            "member": "serviceAccount:marketing-agent-cb@marketing-agent-01-491314.iam.gserviceaccount.com",
            "project": "marketing-agent-01-491314",
            "role": "roles/cloudbuild.builds.builder"
          },
          "sensitive_attributes": [],
          "identity_schema_version": 0,
          "private": "bnVsbA==",
          "dependencies": [
            "google_project_service.cicd_services",
            "google_project_service.deploy_project_services",
            "google_service_account.cicd_runner_sa"
          ]
        },
        {
          "index_key": "roles/cloudtrace.agent",
          "schema_version": 0,
          "attributes": {
            "condition": [],
            "etag": "BwZN7SravNM=",
            "id": "marketing-agent-01-491314/roles/cloudtrace.agent/serviceAccount:marketing-agent-cb@marketing-agent-01-491314.iam.gserviceaccount.com",
            "member": "serviceAccount:marketing-agent-cb@marketing-agent-01-491314.iam.gserviceaccount.com",
            "project": "marketing-agent-01-491314",
            "role": "roles/cloudtrace.agent"
          },
          "sensitive_attributes": [],
          "identity_schema_version": 0,
          "private": "bnVsbA==",
          "dependencies": [
            "google_project_service.cicd_services",
            "google_project_service.deploy_project_services",
            "google_service_account.cicd_runner_sa"
          ]
        },
        {
          "index_key": "roles/logging.logWriter",
          "schema_version": 0,
          "attributes": {
            "condition": [],
            "etag": "BwZN7SravNM=",
            "id": "marketing-agent-01-491314/roles/logging.logWriter/serviceAccount:marketing-agent-cb@marketing-agent-01-491314.iam.gserviceaccount.com",
            "member": "serviceAccount:marketing-agent-cb@marketing-agent-01-491314.iam.gserviceaccount.com",
            "project": "marketing-agent-01-491314",
            "role": "roles/logging.logWriter"
          },
          "sensitive_attributes": [],
          "identity_schema_version": 0,
          "private": "bnVsbA==",
          "dependencies": [
            "google_project_service.cicd_services",
            "google_project_service.deploy_project_services",
            "google_service_account.cicd_runner_sa"
          ]
        },
        {
          "index_key": "roles/storage.admin",
          "schema_version": 0,
          "attributes": {
            "condition": [],
            "etag": "BwZN7Stju4w=",
            "id": "marketing-agent-01-491314/roles/storage.admin/serviceAccount:marketing-agent-cb@marketing-agent-01-491314.iam.gserviceaccount.com",
            "member": "serviceAccount:marketing-agent-cb@marketing-agent-01-491314.iam.gserviceaccount.com",
            "project": "marketing-agent-01-491314",
            "role": "roles/storage.admin"
          },
          "sensitive_attributes": [],
          "identity_schema_version": 0,
          "private": "bnVsbA==",
          "dependencies": [
            "google_project_service.cicd_services",
            "google_project_service.deploy_project_services",
            "google_service_account.cicd_runner_sa"
          ]
        }
      ]
    },
    {
      "mode": "managed",
      "type": "google_project_iam_member",
      "name": "other_projects_roles",
      "provider": "provider[\"registry.terraform.io/hashicorp/google\"]",
      "instances": [
        {
          "index_key": "prod-roles/aiplatform.user",
          "schema_version": 0,
          "attributes": {
            "condition": [],
            "etag": "BwZN7SvUXew=",
            "id": "marketing-agent-01-491314/roles/aiplatform.user/serviceAccount:marketing-agent-cb@marketing-agent-01-491314.iam.gserviceaccount.com",
            "member": "serviceAccount:marketing-agent-cb@marketing-agent-01-491314.iam.gserviceaccount.com",
            "project": "marketing-agent-01-491314",
            "role": "roles/aiplatform.user"
          },
          "sensitive_attributes": [],
          "identity_schema_version": 0,
          "private": "bnVsbA==",
          "dependencies": [
            "google_project_service.cicd_services",
            "google_project_service.deploy_project_services",
            "google_service_account.cicd_runner_sa"
          ]
        },
        {
          "index_key": "prod-roles/iam.serviceAccountUser",
          "schema_version": 0,
          "attributes": {
            "condition": [],
            "etag": "BwZN7SvUXew=",
            "id": "marketing-agent-01-491314/roles/iam.serviceAccountUser/serviceAccount:marketing-agent-cb@marketing-agent-01-491314.iam.gserviceaccount.com",
            "member": "serviceAccount:marketing-agent-cb@marketing-agent-01-491314.iam.gserviceaccount.com",
            "project": "marketing-agent-01-491314",
            "role": "roles/iam.serviceAccountUser"
          },
          "sensitive_attributes": [],
          "identity_schema_version": 0,
          "private": "bnVsbA==",
          "dependencies": [
            "google_project_service.cicd_services",
            "google_project_service.deploy_project_services",
            "google_service_account.cicd_runner_sa"
          ]
        },
        {
          "index_key": "prod-roles/storage.admin",
          "schema_version": 0,
          "attributes": {
            "condition": [],
            "etag": "BwZN7SvUXew=",
            "id": "marketing-agent-01-491314/roles/storage.admin/serviceAccount:marketing-agent-cb@marketing-agent-01-491314.iam.gserviceaccount.com",
            "member": "serviceAccount:marketing-agent-cb@marketing-agent-01-491314.iam.gserviceaccount.com",
            "project": "marketing-agent-01-491314",
            "role": "roles/storage.admin"
          },
          "sensitive_attributes": [],
          "identity_schema_version": 0,
          "private": "bnVsbA==",
          "dependencies": [
            "google_project_service.cicd_services",
            "google_project_service.deploy_project_services",
            "google_service_account.cicd_runner_sa"
          ]
        },
        {
          "index_key": "staging-roles/aiplatform.user",
          "schema_version": 0,
          "attributes": {
            "condition": [],
            "etag": "BwZN7Stju4w=",
            "id": "marketing-agent-01-491314/roles/aiplatform.user/serviceAccount:marketing-agent-cb@marketing-agent-01-491314.iam.gserviceaccount.com",
            "member": "serviceAccount:marketing-agent-cb@marketing-agent-01-491314.iam.gserviceaccount.com",
            "project": "marketing-agent-01-491314",
            "role": "roles/aiplatform.user"
          },
          "sensitive_attributes": [],
          "identity_schema_version": 0,
          "private": "bnVsbA==",
          "dependencies": [
            "google_project_service.cicd_services",
            "google_project_service.deploy_project_services",
            "google_service_account.cicd_runner_sa"
          ]
        },
        {
          "index_key": "staging-roles/iam.serviceAccountUser",
          "schema_version": 0,
          "attributes": {
            "condition": [],
            "etag": "BwZN7Stju4w=",
            "id": "marketing-agent-01-491314/roles/iam.serviceAccountUser/serviceAccount:marketing-agent-cb@marketing-agent-01-491314.iam.gserviceaccount.com",
            "member": "serviceAccount:marketing-agent-cb@marketing-agent-01-491314.iam.gserviceaccount.com",
            "project": "marketing-agent-01-491314",
            "role": "roles/iam.serviceAccountUser"
          },
          "sensitive_attributes": [],
          "identity_schema_version": 0,
          "private": "bnVsbA==",
          "dependencies": [
            "google_project_service.cicd_services",
            "google_project_service.deploy_project_services",
            "google_service_account.cicd_runner_sa"
          ]
        },
        {
          "index_key": "staging-roles/storage.admin",
          "schema_version": 0,
          "attributes": {
            "condition": [],
            "etag": "BwZN7Stju4w=",
            "id": "marketing-agent-01-491314/roles/storage.admin/serviceAccount:marketing-agent-cb@marketing-agent-01-491314.iam.gserviceaccount.com",
            "member": "serviceAccount:marketing-agent-cb@marketing-agent-01-491314.iam.gserviceaccount.com",
            "project": "marketing-agent-01-491314",
            "role": "roles/storage.admin"
          },
          "sensitive_attributes": [],
          "identity_schema_version": 0,
          "private": "bnVsbA==",
          "dependencies": [
            "google_project_service.cicd_services",
            "google_project_service.deploy_project_services",
            "google_service_account.cicd_runner_sa"
          ]
        }
      ]
    },
    {
      "mode": "managed",
      "type": "google_project_service",
      "name": "cicd_cloud_resource_manager_api",
      "provider": "provider[\"registry.terraform.io/hashicorp/google\"]",
      "instances": [
        {
          "schema_version": 0,
          "attributes": {
            "disable_dependent_services": null,
            "disable_on_destroy": false,
            "id": "marketing-agent-01-491314/cloudresourcemanager.googleapis.com",
            "project": "marketing-agent-01-491314",
            "service": "cloudresourcemanager.googleapis.com",
            "timeouts": null
          },
          "sensitive_attributes": [],
          "identity_schema_version": 0,
          "private": "eyJlMmJmYjczMC1lY2FhLTExZTYtOGY4OC0zNDM2M2JjN2M0YzAiOnsiY3JlYXRlIjoxMjAwMDAwMDAwMDAwLCJkZWxldGUiOjEyMDAwMDAwMDAwMDAsInJlYWQiOjYwMDAwMDAwMDAwMCwidXBkYXRlIjoxMjAwMDAwMDAwMDAwfX0="
        }
      ]
    },
    {
      "mode": "managed",
      "type": "google_project_service",
      "name": "cicd_services",
      "provider": "provider[\"registry.terraform.io/hashicorp/google\"]",
      "instances": [
        {
          "index_key": 0,
          "schema_version": 0,
          "attributes": {
            "disable_dependent_services": null,
            "disable_on_destroy": false,
            "id": "marketing-agent-01-491314/cloudbuild.googleapis.com",
            "project": "marketing-agent-01-491314",
            "service": "cloudbuild.googleapis.com",
            "timeouts": null
          },
          "sensitive_attributes": [],
          "identity_schema_version": 0,
          "private": "eyJlMmJmYjczMC1lY2FhLTExZTYtOGY4OC0zNDM2M2JjN2M0YzAiOnsiY3JlYXRlIjoxMjAwMDAwMDAwMDAwLCJkZWxldGUiOjEyMDAwMDAwMDAwMDAsInJlYWQiOjYwMDAwMDAwMDAwMCwidXBkYXRlIjoxMjAwMDAwMDAwMDAwfX0="
        },
        {
          "index_key": 1,
          "schema_version": 0,
          "attributes": {
            "disable_dependent_services": null,
            "disable_on_destroy": false,
            "id": "marketing-agent-01-491314/aiplatform.googleapis.com",
            "project": "marketing-agent-01-491314",
            "service": "aiplatform.googleapis.com",
            "timeouts": null
          },
          "sensitive_attributes": [],
          "identity_schema_version": 0,
          "private": "eyJlMmJmYjczMC1lY2FhLTExZTYtOGY4OC0zNDM2M2JjN2M0YzAiOnsiY3JlYXRlIjoxMjAwMDAwMDAwMDAwLCJkZWxldGUiOjEyMDAwMDAwMDAwMDAsInJlYWQiOjYwMDAwMDAwMDAwMCwidXBkYXRlIjoxMjAwMDAwMDAwMDAwfX0="
        },
        {
          "index_key": 2,
          "schema_version": 0,
          "attributes": {
            "disable_dependent_services": null,
            "disable_on_destroy": false,
            "id": "marketing-agent-01-491314/serviceusage.googleapis.com",
            "project": "marketing-agent-01-491314",
            "service": "serviceusage.googleapis.com",
            "timeouts": null
          },
          "sensitive_attributes": [],
          "identity_schema_version": 0,
          "private": "eyJlMmJmYjczMC1lY2FhLTExZTYtOGY4OC0zNDM2M2JjN2M0YzAiOnsiY3JlYXRlIjoxMjAwMDAwMDAwMDAwLCJkZWxldGUiOjEyMDAwMDAwMDAwMDAsInJlYWQiOjYwMDAwMDAwMDAwMCwidXBkYXRlIjoxMjAwMDAwMDAwMDAwfX0="
        },
        {
          "index_key": 3,
          "schema_version": 0,
          "attributes": {
            "disable_dependent_services": null,
            "disable_on_destroy": false,
            "id": "marketing-agent-01-491314/bigquery.googleapis.com",
            "project": "marketing-agent-01-491314",
            "service": "bigquery.googleapis.com",
            "timeouts": null
          },
          "sensitive_attributes": [],
          "identity_schema_version": 0,
          "private": "eyJlMmJmYjczMC1lY2FhLTExZTYtOGY4OC0zNDM2M2JjN2M0YzAiOnsiY3JlYXRlIjoxMjAwMDAwMDAwMDAwLCJkZWxldGUiOjEyMDAwMDAwMDAwMDAsInJlYWQiOjYwMDAwMDAwMDAwMCwidXBkYXRlIjoxMjAwMDAwMDAwMDAwfX0="
        },
        {
          "index_key": 4,
          "schema_version": 0,
          "attributes": {
            "disable_dependent_services": null,
            "disable_on_destroy": false,
            "id": "marketing-agent-01-491314/cloudresourcemanager.googleapis.com",
            "project": "marketing-agent-01-491314",
            "service": "cloudresourcemanager.googleapis.com",
            "timeouts": null
          },
          "sensitive_attributes": [],
          "identity_schema_version": 0,
          "private": "eyJlMmJmYjczMC1lY2FhLTExZTYtOGY4OC0zNDM2M2JjN2M0YzAiOnsiY3JlYXRlIjoxMjAwMDAwMDAwMDAwLCJkZWxldGUiOjEyMDAwMDAwMDAwMDAsInJlYWQiOjYwMDAwMDAwMDAwMCwidXBkYXRlIjoxMjAwMDAwMDAwMDAwfX0="
        },
        {
          "index_key": 5,
          "schema_version": 0,
          "attributes": {
            "disable_dependent_services": null,
            "disable_on_destroy": false,
            "id": "marketing-agent-01-491314/cloudtrace.googleapis.com",
            "project": "marketing-agent-01-491314",
            "service": "cloudtrace.googleapis.com",
            "timeouts": null
          },
          "sensitive_attributes": [],
          "identity_schema_version": 0,
          "private": "eyJlMmJmYjczMC1lY2FhLTExZTYtOGY4OC0zNDM2M2JjN2M0YzAiOnsiY3JlYXRlIjoxMjAwMDAwMDAwMDAwLCJkZWxldGUiOjEyMDAwMDAwMDAwMDAsInJlYWQiOjYwMDAwMDAwMDAwMCwidXBkYXRlIjoxMjAwMDAwMDAwMDAwfX0="
        },
        {
          "index_key": 6,
          "schema_version": 0,
          "attributes": {
            "disable_dependent_services": null,
            "disable_on_destroy": false,
            "id": "marketing-agent-01-491314/telemetry.googleapis.com",
            "project": "marketing-agent-01-491314",
            "service": "telemetry.googleapis.com",
            "timeouts": null
          },
          "sensitive_attributes": [],
          "identity_schema_version": 0,
          "private": "eyJlMmJmYjczMC1lY2FhLTExZTYtOGY4OC0zNDM2M2JjN2M0YzAiOnsiY3JlYXRlIjoxMjAwMDAwMDAwMDAwLCJkZWxldGUiOjEyMDAwMDAwMDAwMDAsInJlYWQiOjYwMDAwMDAwMDAwMCwidXBkYXRlIjoxMjAwMDAwMDAwMDAwfX0="
        }
      ]
    },
    {
      "mode": "managed",
      "type": "google_project_service",
      "name": "deploy_project_services",
      "provider": "provider[\"registry.terraform.io/hashicorp/google\"]",
      "instances": [
        {
          "index_key": "prod_aiplatform_googleapis_com",
          "schema_version": 0,
          "attributes": {
            "disable_dependent_services": null,
            "disable_on_destroy": false,
            "id": "marketing-agent-01-491314/aiplatform.googleapis.com",
            "project": "marketing-agent-01-491314",
            "service": "aiplatform.googleapis.com",
            "timeouts": null
          },
          "sensitive_attributes": [],
          "identity_schema_version": 0,
          "private": "eyJlMmJmYjczMC1lY2FhLTExZTYtOGY4OC0zNDM2M2JjN2M0YzAiOnsiY3JlYXRlIjoxMjAwMDAwMDAwMDAwLCJkZWxldGUiOjEyMDAwMDAwMDAwMDAsInJlYWQiOjYwMDAwMDAwMDAwMCwidXBkYXRlIjoxMjAwMDAwMDAwMDAwfX0="
        },
        {
          "index_key": "prod_bigquery_googleapis_com",
          "schema_version": 0,
          "attributes": {
            "disable_dependent_services": null,
            "disable_on_destroy": false,
            "id": "marketing-agent-01-491314/bigquery.googleapis.com",
            "project": "marketing-agent-01-491314",
            "service": "bigquery.googleapis.com",
            "timeouts": null
          },
          "sensitive_attributes": [],
          "identity_schema_version": 0,
          "private": "eyJlMmJmYjczMC1lY2FhLTExZTYtOGY4OC0zNDM2M2JjN2M0YzAiOnsiY3JlYXRlIjoxMjAwMDAwMDAwMDAwLCJkZWxldGUiOjEyMDAwMDAwMDAwMDAsInJlYWQiOjYwMDAwMDAwMDAwMCwidXBkYXRlIjoxMjAwMDAwMDAwMDAwfX0="
        },
        {
          "index_key": "prod_cloudresourcemanager_googleapis_com",
          "schema_version": 0,
          "attributes": {
            "disable_dependent_services": null,
            "disable_on_destroy": false,
            "id": "marketing-agent-01-491314/cloudresourcemanager.googleapis.com",
            "project": "marketing-agent-01-491314",
            "service": "cloudresourcemanager.googleapis.com",
            "timeouts": null
          },
          "sensitive_attributes": [],
          "identity_schema_version": 0,
          "private": "eyJlMmJmYjczMC1lY2FhLTExZTYtOGY4OC0zNDM2M2JjN2M0YzAiOnsiY3JlYXRlIjoxMjAwMDAwMDAwMDAwLCJkZWxldGUiOjEyMDAwMDAwMDAwMDAsInJlYWQiOjYwMDAwMDAwMDAwMCwidXBkYXRlIjoxMjAwMDAwMDAwMDAwfX0="
        },
        {
          "index_key": "prod_cloudtrace_googleapis_com",
          "schema_version": 0,
          "attributes": {
            "disable_dependent_services": null,
            "disable_on_destroy": false,
            "id": "marketing-agent-01-491314/cloudtrace.googleapis.com",
            "project": "marketing-agent-01-491314",
            "service": "cloudtrace.googleapis.com",
            "timeouts": null
          },
          "sensitive_attributes": [],
          "identity_schema_version": 0,
          "private": "eyJlMmJmYjczMC1lY2FhLTExZTYtOGY4OC0zNDM2M2JjN2M0YzAiOnsiY3JlYXRlIjoxMjAwMDAwMDAwMDAwLCJkZWxldGUiOjEyMDAwMDAwMDAwMDAsInJlYWQiOjYwMDAwMDAwMDAwMCwidXBkYXRlIjoxMjAwMDAwMDAwMDAwfX0="
        },
        {
          "index_key": "prod_iam_googleapis_com",
          "schema_version": 0,
          "attributes": {
            "disable_dependent_services": null,
            "disable_on_destroy": false,
            "id": "marketing-agent-01-491314/iam.googleapis.com",
            "project": "marketing-agent-01-491314",
            "service": "iam.googleapis.com",
            "timeouts": null
          },
          "sensitive_attributes": [],
          "identity_schema_version": 0,
          "private": "eyJlMmJmYjczMC1lY2FhLTExZTYtOGY4OC0zNDM2M2JjN2M0YzAiOnsiY3JlYXRlIjoxMjAwMDAwMDAwMDAwLCJkZWxldGUiOjEyMDAwMDAwMDAwMDAsInJlYWQiOjYwMDAwMDAwMDAwMCwidXBkYXRlIjoxMjAwMDAwMDAwMDAwfX0="
        },
        {
          "index_key": "prod_logging_googleapis_com",
          "schema_version": 0,
          "attributes": {
            "disable_dependent_services": null,
            "disable_on_destroy": false,
            "id": "marketing-agent-01-491314/logging.googleapis.com",
            "project": "marketing-agent-01-491314",
            "service": "logging.googleapis.com",
            "timeouts": null
          },
          "sensitive_attributes": [],
          "identity_schema_version": 0,
          "private": "eyJlMmJmYjczMC1lY2FhLTExZTYtOGY4OC0zNDM2M2JjN2M0YzAiOnsiY3JlYXRlIjoxMjAwMDAwMDAwMDAwLCJkZWxldGUiOjEyMDAwMDAwMDAwMDAsInJlYWQiOjYwMDAwMDAwMDAwMCwidXBkYXRlIjoxMjAwMDAwMDAwMDAwfX0="
        },
        {
          "index_key": "prod_run_googleapis_com",
          "schema_version": 0,
          "attributes": {
            "disable_dependent_services": null,
            "disable_on_destroy": false,
            "id": "marketing-agent-01-491314/run.googleapis.com",
            "project": "marketing-agent-01-491314",
            "service": "run.googleapis.com",
            "timeouts": null
          },
          "sensitive_attributes": [],
          "identity_schema_version": 0,
          "private": "eyJlMmJmYjczMC1lY2FhLTExZTYtOGY4OC0zNDM2M2JjN2M0YzAiOnsiY3JlYXRlIjoxMjAwMDAwMDAwMDAwLCJkZWxldGUiOjEyMDAwMDAwMDAwMDAsInJlYWQiOjYwMDAwMDAwMDAwMCwidXBkYXRlIjoxMjAwMDAwMDAwMDAwfX0="
        },
        {
          "index_key": "prod_serviceusage_googleapis_com",
          "schema_version": 0,
          "attributes": {
            "disable_dependent_services": null,
            "disable_on_destroy": false,
            "id": "marketing-agent-01-491314/serviceusage.googleapis.com",
            "project": "marketing-agent-01-491314",
            "service": "serviceusage.googleapis.com",
            "timeouts": null
          },
          "sensitive_attributes": [],
          "identity_schema_version": 0,
          "private": "eyJlMmJmYjczMC1lY2FhLTExZTYtOGY4OC0zNDM2M2JjN2M0YzAiOnsiY3JlYXRlIjoxMjAwMDAwMDAwMDAwLCJkZWxldGUiOjEyMDAwMDAwMDAwMDAsInJlYWQiOjYwMDAwMDAwMDAwMCwidXBkYXRlIjoxMjAwMDAwMDAwMDAwfX0="
        },
        {
          "index_key": "prod_telemetry_googleapis_com",
          "schema_version": 0,
          "attributes": {
            "disable_dependent_services": null,
            "disable_on_destroy": false,
            "id": "marketing-agent-01-491314/telemetry.googleapis.com",
            "project": "marketing-agent-01-491314",
            "service": "telemetry.googleapis.com",
            "timeouts": null
          },
          "sensitive_attributes": [],
          "identity_schema_version": 0,
          "private": "eyJlMmJmYjczMC1lY2FhLTExZTYtOGY4OC0zNDM2M2JjN2M0YzAiOnsiY3JlYXRlIjoxMjAwMDAwMDAwMDAwLCJkZWxldGUiOjEyMDAwMDAwMDAwMDAsInJlYWQiOjYwMDAwMDAwMDAwMCwidXBkYXRlIjoxMjAwMDAwMDAwMDAwfX0="
        },
        {
          "index_key": "staging_aiplatform_googleapis_com",
          "schema_version": 0,
          "attributes": {
            "disable_dependent_services": null,
            "disable_on_destroy": false,
            "id": "marketing-agent-01-491314/aiplatform.googleapis.com",
            "project": "marketing-agent-01-491314",
            "service": "aiplatform.googleapis.com",
            "timeouts": null
          },
          "sensitive_attributes": [],
          "identity_schema_version": 0,
          "private": "eyJlMmJmYjczMC1lY2FhLTExZTYtOGY4OC0zNDM2M2JjN2M0YzAiOnsiY3JlYXRlIjoxMjAwMDAwMDAwMDAwLCJkZWxldGUiOjEyMDAwMDAwMDAwMDAsInJlYWQiOjYwMDAwMDAwMDAwMCwidXBkYXRlIjoxMjAwMDAwMDAwMDAwfX0="
        },
        {
          "index_key": "staging_bigquery_googleapis_com",
          "schema_version": 0,
          "attributes": {
            "disable_dependent_services": null,
            "disable_on_destroy": false,
            "id": "marketing-agent-01-491314/bigquery.googleapis.com",
            "project": "marketing-agent-01-491314",
            "service": "bigquery.googleapis.com",
            "timeouts": null
          },
          "sensitive_attributes": [],
          "identity_schema_version": 0,
          "private": "eyJlMmJmYjczMC1lY2FhLTExZTYtOGY4OC0zNDM2M2JjN2M0YzAiOnsiY3JlYXRlIjoxMjAwMDAwMDAwMDAwLCJkZWxldGUiOjEyMDAwMDAwMDAwMDAsInJlYWQiOjYwMDAwMDAwMDAwMCwidXBkYXRlIjoxMjAwMDAwMDAwMDAwfX0="
        },
        {
          "index_key": "staging_cloudresourcemanager_googleapis_com",
          "schema_version": 0,
          "attributes": {
            "disable_dependent_services": null,
            "disable_on_destroy": false,
            "id": "marketing-agent-01-491314/cloudresourcemanager.googleapis.com",
            "project": "marketing-agent-01-491314",
            "service": "cloudresourcemanager.googleapis.com",
            "timeouts": null
          },
          "sensitive_attributes": [],
          "identity_schema_version": 0,
          "private": "eyJlMmJmYjczMC1lY2FhLTExZTYtOGY4OC0zNDM2M2JjN2M0YzAiOnsiY3JlYXRlIjoxMjAwMDAwMDAwMDAwLCJkZWxldGUiOjEyMDAwMDAwMDAwMDAsInJlYWQiOjYwMDAwMDAwMDAwMCwidXBkYXRlIjoxMjAwMDAwMDAwMDAwfX0="
        },
        {
          "index_key": "staging_cloudtrace_googleapis_com",
          "schema_version": 0,
          "attributes": {
            "disable_dependent_services": null,
            "disable_on_destroy": false,
            "id": "marketing-agent-01-491314/cloudtrace.googleapis.com",
            "project": "marketing-agent-01-491314",
            "service": "cloudtrace.googleapis.com",
            "timeouts": null
          },
          "sensitive_attributes": [],
          "identity_schema_version": 0,
          "private": "eyJlMmJmYjczMC1lY2FhLTExZTYtOGY4OC0zNDM2M2JjN2M0YzAiOnsiY3JlYXRlIjoxMjAwMDAwMDAwMDAwLCJkZWxldGUiOjEyMDAwMDAwMDAwMDAsInJlYWQiOjYwMDAwMDAwMDAwMCwidXBkYXRlIjoxMjAwMDAwMDAwMDAwfX0="
        },
        {
          "index_key": "staging_iam_googleapis_com",
          "schema_version": 0,
          "attributes": {
            "disable_dependent_services": null,
            "disable_on_destroy": false,
            "id": "marketing-agent-01-491314/iam.googleapis.com",
            "project": "marketing-agent-01-491314",
            "service": "iam.googleapis.com",
            "timeouts": null
          },
          "sensitive_attributes": [],
          "identity_schema_version": 0,
          "private": "eyJlMmJmYjczMC1lY2FhLTExZTYtOGY4OC0zNDM2M2JjN2M0YzAiOnsiY3JlYXRlIjoxMjAwMDAwMDAwMDAwLCJkZWxldGUiOjEyMDAwMDAwMDAwMDAsInJlYWQiOjYwMDAwMDAwMDAwMCwidXBkYXRlIjoxMjAwMDAwMDAwMDAwfX0="
        },
        {
          "index_key": "staging_logging_googleapis_com",
          "schema_version": 0,
          "attributes": {
            "disable_dependent_services": null,
            "disable_on_destroy": false,
            "id": "marketing-agent-01-491314/logging.googleapis.com",
            "project": "marketing-agent-01-491314",
            "service": "logging.googleapis.com",
            "timeouts": null
          },
          "sensitive_attributes": [],
          "identity_schema_version": 0,
          "private": "eyJlMmJmYjczMC1lY2FhLTExZTYtOGY4OC0zNDM2M2JjN2M0YzAiOnsiY3JlYXRlIjoxMjAwMDAwMDAwMDAwLCJkZWxldGUiOjEyMDAwMDAwMDAwMDAsInJlYWQiOjYwMDAwMDAwMDAwMCwidXBkYXRlIjoxMjAwMDAwMDAwMDAwfX0="
        },
        {
          "index_key": "staging_run_googleapis_com",
          "schema_version": 0,
          "attributes": {
            "disable_dependent_services": null,
            "disable_on_destroy": false,
            "id": "marketing-agent-01-491314/run.googleapis.com",
            "project": "marketing-agent-01-491314",
            "service": "run.googleapis.com",
            "timeouts": null
          },
          "sensitive_attributes": [],
          "identity_schema_version": 0,
          "private": "eyJlMmJmYjczMC1lY2FhLTExZTYtOGY4OC0zNDM2M2JjN2M0YzAiOnsiY3JlYXRlIjoxMjAwMDAwMDAwMDAwLCJkZWxldGUiOjEyMDAwMDAwMDAwMDAsInJlYWQiOjYwMDAwMDAwMDAwMCwidXBkYXRlIjoxMjAwMDAwMDAwMDAwfX0="
        },
        {
          "index_key": "staging_serviceusage_googleapis_com",
          "schema_version": 0,
          "attributes": {
            "disable_dependent_services": null,
            "disable_on_destroy": false,
            "id": "marketing-agent-01-491314/serviceusage.googleapis.com",
            "project": "marketing-agent-01-491314",
            "service": "serviceusage.googleapis.com",
            "timeouts": null
          },
          "sensitive_attributes": [],
          "identity_schema_version": 0,
          "private": "eyJlMmJmYjczMC1lY2FhLTExZTYtOGY4OC0zNDM2M2JjN2M0YzAiOnsiY3JlYXRlIjoxMjAwMDAwMDAwMDAwLCJkZWxldGUiOjEyMDAwMDAwMDAwMDAsInJlYWQiOjYwMDAwMDAwMDAwMCwidXBkYXRlIjoxMjAwMDAwMDAwMDAwfX0="
        },
        {
          "index_key": "staging_telemetry_googleapis_com",
          "schema_version": 0,
          "attributes": {
            "disable_dependent_services": null,
            "disable_on_destroy": false,
            "id": "marketing-agent-01-491314/telemetry.googleapis.com",
            "project": "marketing-agent-01-491314",
            "service": "telemetry.googleapis.com",
            "timeouts": null
          },
          "sensitive_attributes": [],
          "identity_schema_version": 0,
          "private": "eyJlMmJmYjczMC1lY2FhLTExZTYtOGY4OC0zNDM2M2JjN2M0YzAiOnsiY3JlYXRlIjoxMjAwMDAwMDAwMDAwLCJkZWxldGUiOjEyMDAwMDAwMDAwMDAsInJlYWQiOjYwMDAwMDAwMDAwMCwidXBkYXRlIjoxMjAwMDAwMDAwMDAwfX0="
        }
      ]
    },
    {
      "mode": "managed",
      "type": "google_service_account",
      "name": "app_sa",
      "provider": "provider[\"registry.terraform.io/hashicorp/google\"]",
      "instances": [
        {
          "index_key": "staging",
          "schema_version": 0,
          "attributes": {
            "account_id": "marketing-agent-app",
            "create_ignore_already_exists": null,
            "description": "",
            "disabled": false,
            "display_name": "marketing-agent Agent Service Account",
            "email": "marketing-agent-app@marketing-agent-01-491314.iam.gserviceaccount.com",
            "id": "projects/marketing-agent-01-491314/serviceAccounts/marketing-agent-app@marketing-agent-01-491314.iam.gserviceaccount.com",
            "member": "serviceAccount:marketing-agent-app@marketing-agent-01-491314.iam.gserviceaccount.com",
            "name": "projects/marketing-agent-01-491314/serviceAccounts/marketing-agent-app@marketing-agent-01-491314.iam.gserviceaccount.com",
            "project": "marketing-agent-01-491314",
            "timeouts": null,
            "unique_id": "116009482208954692727"
          },
          "sensitive_attributes": [],
          "identity_schema_version": 0,
          "private": "eyJlMmJmYjczMC1lY2FhLTExZTYtOGY4OC0zNDM2M2JjN2M0YzAiOnsiY3JlYXRlIjozMDAwMDAwMDAwMDB9fQ==",
          "dependencies": [
            "google_project_service.cicd_services",
            "google_project_service.deploy_project_services"
          ]
        }
      ]
    },
    {
      "mode": "managed",
      "type": "google_service_account",
      "name": "cicd_runner_sa",
      "provider": "provider[\"registry.terraform.io/hashicorp/google\"]",
      "instances": [
        {
          "schema_version": 0,
          "attributes": {
            "account_id": "marketing-agent-cb",
            "create_ignore_already_exists": null,
            "description": "",
            "disabled": false,
            "display_name": "CICD Runner SA",
            "email": "marketing-agent-cb@marketing-agent-01-491314.iam.gserviceaccount.com",
            "id": "projects/marketing-agent-01-491314/serviceAccounts/marketing-agent-cb@marketing-agent-01-491314.iam.gserviceaccount.com",
            "member": "serviceAccount:marketing-agent-cb@marketing-agent-01-491314.iam.gserviceaccount.com",
            "name": "projects/marketing-agent-01-491314/serviceAccounts/marketing-agent-cb@marketing-agent-01-491314.iam.gserviceaccount.com",
            "project": "marketing-agent-01-491314",
            "timeouts": null,
            "unique_id": "114445029032191586992"
          },
          "sensitive_attributes": [],
          "identity_schema_version": 0,
          "private": "eyJlMmJmYjczMC1lY2FhLTExZTYtOGY4OC0zNDM2M2JjN2M0YzAiOnsiY3JlYXRlIjozMDAwMDAwMDAwMDB9fQ==",
          "dependencies": [
            "google_project_service.cicd_services",
            "google_project_service.deploy_project_services"
          ]
        }
      ]
    },
    {
      "mode": "managed",
      "type": "google_service_account_iam_member",
      "name": "cicd_run_invoker_account_user",
      "provider": "provider[\"registry.terraform.io/hashicorp/google\"]",
      "instances": [
        {
          "schema_version": 0,
          "attributes": {
            "condition": [],
            "etag": "BwZN7Ss6z7k=",
            "id": "projects/marketing-agent-01-491314/serviceAccounts/marketing-agent-cb@marketing-agent-01-491314.iam.gserviceaccount.com/roles/iam.serviceAccountUser/serviceAccount:marketing-agent-cb@marketing-agent-01-491314.iam.gserviceaccount.com",
            "member": "serviceAccount:marketing-agent-cb@marketing-agent-01-491314.iam.gserviceaccount.com",
            "role": "roles/iam.serviceAccountUser",
            "service_account_id": "projects/marketing-agent-01-491314/serviceAccounts/marketing-agent-cb@marketing-agent-01-491314.iam.gserviceaccount.com"
          },
          "sensitive_attributes": [],
          "identity_schema_version": 0,
          "private": "bnVsbA==",
          "dependencies": [
            "google_project_service.cicd_services",
            "google_project_service.deploy_project_services",
            "google_service_account.cicd_runner_sa"
          ]
        }
      ]
    },
    {
      "mode": "managed",
      "type": "google_service_account_iam_member",
      "name": "cicd_run_invoker_token_creator",
      "provider": "provider[\"registry.terraform.io/hashicorp/google\"]",
      "instances": [
        {
          "schema_version": 0,
          "attributes": {
            "condition": [],
            "etag": "BwZN7SrtkPw=",
            "id": "projects/marketing-agent-01-491314/serviceAccounts/marketing-agent-cb@marketing-agent-01-491314.iam.gserviceaccount.com/roles/iam.serviceAccountTokenCreator/serviceAccount:marketing-agent-cb@marketing-agent-01-491314.iam.gserviceaccount.com",
            "member": "serviceAccount:marketing-agent-cb@marketing-agent-01-491314.iam.gserviceaccount.com",
            "role": "roles/iam.serviceAccountTokenCreator",
            "service_account_id": "projects/marketing-agent-01-491314/serviceAccounts/marketing-agent-cb@marketing-agent-01-491314.iam.gserviceaccount.com"
          },
          "sensitive_attributes": [],
          "identity_schema_version": 0,
          "private": "bnVsbA==",
          "dependencies": [
            "google_project_service.cicd_services",
            "google_project_service.deploy_project_services",
            "google_service_account.cicd_runner_sa"
          ]
        }
      ]
    },
    {
      "mode": "managed",
      "type": "google_service_account_iam_member",
      "name": "github_oidc_access",
      "provider": "provider[\"registry.terraform.io/hashicorp/google\"]",
      "instances": [
        {
          "schema_version": 0,
          "attributes": {
            "condition": [],
            "etag": "BwZN7SuErDg=",
            "id": "projects/marketing-agent-01-491314/serviceAccounts/marketing-agent-cb@marketing-agent-01-491314.iam.gserviceaccount.com/roles/iam.workloadIdentityUser/principalSet://iam.googleapis.com/projects/318550613704/locations/global/workloadIdentityPools/marketing-agent-pool/attribute.repository/HenrikWarf/marketing_agent_from_template",
            "member": "principalSet://iam.googleapis.com/projects/318550613704/locations/global/workloadIdentityPools/marketing-agent-pool/attribute.repository/HenrikWarf/marketing_agent_from_template",
            "role": "roles/iam.workloadIdentityUser",
            "service_account_id": "projects/marketing-agent-01-491314/serviceAccounts/marketing-agent-cb@marketing-agent-01-491314.iam.gserviceaccount.com"
          },
          "sensitive_attributes": [],
          "identity_schema_version": 0,
          "private": "bnVsbA==",
          "dependencies": [
            "data.google_project.cicd_project",
            "google_iam_workload_identity_pool.github_pool",
            "google_project_service.cicd_services",
            "google_project_service.deploy_project_services",
            "google_service_account.cicd_runner_sa"
          ]
        }
      ]
    },
    {
      "mode": "managed",
      "type": "google_service_account_iam_member",
      "name": "github_sa_impersonation",
      "provider": "provider[\"registry.terraform.io/hashicorp/google\"]",
      "instances": [
        {
          "schema_version": 0,
          "attributes": {
            "condition": [],
            "etag": "BwZN7SuErDg=",
            "id": "projects/marketing-agent-01-491314/serviceAccounts/marketing-agent-cb@marketing-agent-01-491314.iam.gserviceaccount.com/roles/iam.serviceAccountTokenCreator/principalSet://iam.googleapis.com/projects/318550613704/locations/global/workloadIdentityPools/marketing-agent-pool/attribute.repository/HenrikWarf/marketing_agent_from_template",
            "member": "principalSet://iam.googleapis.com/projects/318550613704/locations/global/workloadIdentityPools/marketing-agent-pool/attribute.repository/HenrikWarf/marketing_agent_from_template",
            "role": "roles/iam.serviceAccountTokenCreator",
            "service_account_id": "projects/marketing-agent-01-491314/serviceAccounts/marketing-agent-cb@marketing-agent-01-491314.iam.gserviceaccount.com"
          },
          "sensitive_attributes": [],
          "identity_schema_version": 0,
          "private": "bnVsbA==",
          "dependencies": [
            "data.google_project.cicd_project",
            "google_iam_workload_identity_pool.github_pool",
            "google_project_service.cicd_services",
            "google_project_service.deploy_project_services",
            "google_service_account.cicd_runner_sa"
          ]
        }
      ]
    },
    {
      "mode": "managed",
      "type": "google_storage_bucket",
      "name": "logs_data_bucket",
      "provider": "provider[\"registry.terraform.io/hashicorp/google\"]",
      "instances": [
        {
          "index_key": "marketing-agent-01-491314",
          "schema_version": 4,
          "attributes": {
            "autoclass": [],
            "cors": [],
            "custom_placement_config": [],
            "default_event_based_hold": false,
            "effective_labels": {
              "goog-terraform-provisioned": "true"
            },
            "enable_object_retention": false,
            "encryption": [],
            "force_destroy": true,
            "hierarchical_namespace": [
              {
                "enabled": false
              }
            ],
            "id": "marketing-agent-01-491314-marketing-agent-logs",
            "ip_filter": [],
            "labels": null,
            "lifecycle_rule": [],
            "location": "US-CENTRAL1",
            "logging": [],
            "name": "marketing-agent-01-491314-marketing-agent-logs",
            "project": "marketing-agent-01-491314",
            "project_number": 318550613704,
            "public_access_prevention": "inherited",
            "requester_pays": false,
            "retention_policy": [],
            "rpo": null,
            "self_link": "https://www.googleapis.com/storage/v1/b/marketing-agent-01-491314-marketing-agent-logs",
            "soft_delete_policy": [
              {
                "effective_time": "2026-03-26T13:14:24.211Z",
                "retention_duration_seconds": 604800
              }
            ],
            "storage_class": "STANDARD",
            "terraform_labels": {
              "goog-terraform-provisioned": "true"
            },
            "time_created": "2026-03-26T13:14:24.211Z",
            "timeouts": null,
            "uniform_bucket_level_access": true,
            "updated": "2026-03-26T13:14:24.211Z",
            "url": "gs://marketing-agent-01-491314-marketing-agent-logs",
            "versioning": [],
            "website": []
          },
          "sensitive_attributes": [],
          "identity_schema_version": 0,
          "private": "eyJlMmJmYjczMC1lY2FhLTExZTYtOGY4OC0zNDM2M2JjN2M0YzAiOnsiY3JlYXRlIjo2MDAwMDAwMDAwMDAsInJlYWQiOjI0MDAwMDAwMDAwMCwidXBkYXRlIjoyNDAwMDAwMDAwMDB9LCJzY2hlbWFfdmVyc2lvbiI6IjQifQ==",
          "dependencies": [
            "google_project_service.cicd_services",
            "google_project_service.deploy_project_services"
          ]
        }
      ]
    },
    {
      "mode": "managed",
      "type": "time_sleep",
      "name": "wait_for_logging_api",
      "provider": "provider[\"registry.terraform.io/hashicorp/time\"]",
      "instances": [
        {
          "index_key": "prod",
          "schema_version": 0,
          "attributes": {
            "create_duration": "30s",
            "destroy_duration": null,
            "id": "2026-03-26T13:14:53Z",
            "triggers": null
          },
          "sensitive_attributes": [],
          "identity_schema_version": 0,
          "dependencies": [
            "google_project_service.cicd_services",
            "google_project_service.deploy_project_services"
          ]
        },
        {
          "index_key": "staging",
          "schema_version": 0,
          "attributes": {
            "create_duration": "30s",
            "destroy_duration": null,
            "id": "2026-03-26T13:14:53Z",
            "triggers": null
          },
          "sensitive_attributes": [],
          "identity_schema_version": 0,
          "dependencies": [
            "google_project_service.cicd_services",
            "google_project_service.deploy_project_services"
          ]
        }
      ]
    }
  ],
  "check_results": null
}
